{
  "projects": [
    {
      "projectId": "58GpZjZCWTaJ8AUhpCwt2K",
      "version": "3.23.0",
      "dependencies": {},
      "lang": "ts",
      "fileLocks": [
        {
          "assetId": "58GpZjZCWTaJ8AUhpCwt2K",
          "type": "projectCss",
          "checksum": "fd84921cc10936e6ceb458c2ae01c4bd"
        }
      ],
      "codegenVersion": "0.0.1"
    },
    {
      "projectId": "7nJ7UcFmq9UzB6eXfC5z4a",
      "version": "0.26.0",
      "dependencies": {},
      "lang": "ts",
      "fileLocks": [
        {
          "assetId": "7nJ7UcFmq9UzB6eXfC5z4a",
          "type": "projectCss",
          "checksum": "05587b57f22f0ec8bb54543deb39762e"
        }
      ],
      "codegenVersion": "0.0.1"
    },
    {
      "projectId": "3iSjP2KmAH1793WD47GDsJ",
      "version": "latest",
      "dependencies": {
        "7nJ7UcFmq9UzB6eXfC5z4a": "0.26.0",
        "58GpZjZCWTaJ8AUhpCwt2K": "3.23.0"
      },
      "lang": "ts",
      "fileLocks": [
        {
          "type": "globalVariant",
          "assetId": "2ErX_Ib0oG8N",
          "checksum": "6700151a61dce2b8e16014ad7545825b"
        },
        {
          "assetId": "3iSjP2KmAH1793WD47GDsJ",
          "type": "projectCss",
          "checksum": "df1a70b3487b3999a0deeddc280910dc"
        },
        {
          "type": "renderModule",
          "assetId": "YmotRWB91GNB",
          "checksum": "7aebf6641c6af5272c8c2b3019667b12"
        },
        {
          "type": "cssRules",
          "assetId": "YmotRWB91GNB",
          "checksum": "7aebf6641c6af5272c8c2b3019667b12"
        },
        {
          "type": "renderModule",
          "assetId": "1FOCcmamCwh0",
          "checksum": "d7ad4a986ae6f8012eeed8855d5646ea"
        },
        {
          "type": "cssRules",
          "assetId": "1FOCcmamCwh0",
          "checksum": "d7ad4a986ae6f8012eeed8855d5646ea"
        },
        {
          "type": "renderModule",
          "assetId": "9qh2Dm6xG9g9",
          "checksum": "d91e99b9c5ff27358f4d3f05791d4c83"
        },
        {
          "type": "cssRules",
          "assetId": "9qh2Dm6xG9g9",
          "checksum": "d91e99b9c5ff27358f4d3f05791d4c83"
        },
        {
          "type": "renderModule",
          "assetId": "PiqYJ-BcxzfK",
          "checksum": "7cae8f455a9133fd645873e4bccd8a01"
        },
        {
          "type": "cssRules",
          "assetId": "PiqYJ-BcxzfK",
          "checksum": "7cae8f455a9133fd645873e4bccd8a01"
        },
        {
          "type": "renderModule",
          "assetId": "YSJ7FgxDZKZN",
          "checksum": "340ca1b39846a6a65e54eeefeed1d75b"
        },
        {
          "type": "cssRules",
          "assetId": "YSJ7FgxDZKZN",
          "checksum": "340ca1b39846a6a65e54eeefeed1d75b"
        },
        {
          "type": "renderModule",
          "assetId": "MrS3FLCM5X0h",
          "checksum": "d50f9f59b4acdd8d75f443f3e350091f"
        },
        {
          "type": "cssRules",
          "assetId": "MrS3FLCM5X0h",
          "checksum": "d50f9f59b4acdd8d75f443f3e350091f"
        },
        {
          "type": "renderModule",
          "assetId": "Q4EyU15gIzBs",
          "checksum": "54bed1cb35fb6684cd483e1ce2e713ed"
        },
        {
          "type": "cssRules",
          "assetId": "Q4EyU15gIzBs",
          "checksum": "54bed1cb35fb6684cd483e1ce2e713ed"
        },
        {
          "type": "renderModule",
          "assetId": "UbrDnVsVkZz4",
          "checksum": "61e0433cb28793a4c52e00588966c943"
        },
        {
          "type": "cssRules",
          "assetId": "UbrDnVsVkZz4",
          "checksum": "61e0433cb28793a4c52e00588966c943"
        },
        {
          "type": "renderModule",
          "assetId": "9ooF5hUI1Zex",
          "checksum": "d1389f46c2dab2d201697feec58966ec"
        },
        {
          "type": "cssRules",
          "assetId": "9ooF5hUI1Zex",
          "checksum": "d1389f46c2dab2d201697feec58966ec"
        },
        {
          "type": "renderModule",
          "assetId": "XTe0rZhV2wgt",
          "checksum": "38667c453cb72c32ec96f2c4b638e24e"
        },
        {
          "type": "cssRules",
          "assetId": "XTe0rZhV2wgt",
          "checksum": "38667c453cb72c32ec96f2c4b638e24e"
        },
        {
          "type": "icon",
          "assetId": "nHVMmfm15Kzs",
          "checksum": "7d0b1c3f06c1e88dffe47c177c40c29a"
        },
        {
          "type": "icon",
          "assetId": "AT6UUuYNJVWA",
          "checksum": "6487a6003896706058e7b0268b1e8aa3"
        },
        {
          "type": "icon",
          "assetId": "FWgpDL5FG0lR",
          "checksum": "850a3eeca42eeadaa744f30eaa1b7e5d"
        },
        {
          "type": "icon",
          "assetId": "U1_EFUDCzcjv",
          "checksum": "215fe299625f5a6a4d0383b93b5e113c"
        },
        {
          "type": "icon",
          "assetId": "JLrlo4DiJd2z",
          "checksum": "3d8dc1a5a0aec048f06361eafd087c83"
        },
        {
          "type": "icon",
          "assetId": "uLHM_itJKNr7",
          "checksum": "f15e37bcc3ed2ebac2cf802baabb2076"
        },
        {
          "type": "icon",
          "assetId": "f9ojMHFqpi3T",
          "checksum": "2ac2c9069937439baddd43a5a96ca7bd"
        },
        {
          "type": "icon",
          "assetId": "_yiAiDeVU79h",
          "checksum": "841ea45b3b573c502e96c47d75caf6ff"
        },
        {
          "type": "icon",
          "assetId": "ypor0lRYP9Or",
          "checksum": "d9c7326c14aace371576b86c99a06c14"
        },
        {
          "type": "icon",
          "assetId": "R1uP1WU5TNLS",
          "checksum": "6a0fcc7016c9cce319f242778d6b1c87"
        },
        {
          "type": "image",
          "assetId": "3LwIWqwvRIiu",
          "checksum": "be80fddd1fc553216eee0769415f06c5"
        },
        {
          "type": "image",
          "assetId": "uSnOlKsSPku6",
          "checksum": "f917b1e1d82c77767a1eb79a182c1d44"
        },
        {
          "type": "image",
          "assetId": "4FV_xK1HZXNv",
          "checksum": "811716bf9d14978ffb3092a2062c5141"
        },
        {
          "type": "image",
          "assetId": "fUW74BP0lzGr",
          "checksum": "4b55e2a99f12b5d970acf0ea4d72cc3a"
        },
        {
          "type": "image",
          "assetId": "sj_biSOdSX3c",
          "checksum": "f8f6bcede35bcddcd122981c08f601e5"
        },
        {
          "type": "image",
          "assetId": "NtdUH3mzUzqr",
          "checksum": "67294b008dc1e5c154c4855d9c4fafe4"
        },
        {
          "type": "image",
          "assetId": "o_2pUVgucc-0",
          "checksum": "4249f45e38d1ab25b8dc9e04a28b7316"
        },
        {
          "type": "image",
          "assetId": "ocirPIYFI1PD",
          "checksum": "1d13615773d1aa7e96f7f1b6adda5be5"
        },
        {
          "type": "image",
          "assetId": "xXRViaBlWnso",
          "checksum": "5085f285a6c6299a14732d6e424b2898"
        },
        {
          "type": "image",
          "assetId": "vys3w5lhoc1A",
          "checksum": "9171720fc9215ae92d5382ba0a05a866"
        },
        {
          "type": "image",
          "assetId": "7ThYbIa1GNyC",
          "checksum": "c74893c7bcdede63b08c97725a5c8f5b"
        },
        {
          "type": "image",
          "assetId": "i6e58n-NLznC",
          "checksum": "65c0818a1c1b7b01d18fee04220ded69"
        },
        {
          "type": "image",
          "assetId": "to_8QUVFVXr6",
          "checksum": "e5eb90fd97aa6de42ac66b5131273e26"
        },
        {
          "type": "image",
          "assetId": "-hjyA12xXVGQ",
          "checksum": "2d97716dcf8e25fb3f1ffd93bbdeea4d"
        },
        {
          "type": "image",
          "assetId": "drl9aRKeys4H",
          "checksum": "e3ee89eb63745c194e3df47559f02e38"
        },
        {
          "type": "image",
          "assetId": "yI0Xl0OCw4Qf",
          "checksum": "602363e6c2753cd0d065a533b04e785e"
        },
        {
          "type": "image",
          "assetId": "rTQF8U3B5WMw",
          "checksum": "f680b08e727ffcbf3b75786cd241729a"
        },
        {
          "type": "image",
          "assetId": "exOBcQtHJStR",
          "checksum": "a84423619a87c664af562a29058542d7"
        },
        {
          "type": "image",
          "assetId": "7rIbPKQQMxgZ",
          "checksum": "d83ea6f226b40bab89b05a4378a3a405"
        },
        {
          "type": "image",
          "assetId": "o1sIwFz0D7Pl",
          "checksum": "de304bc9df05d4cce5f32ad1954987d3"
        },
        {
          "type": "image",
          "assetId": "DshXMgL7WHlj",
          "checksum": "21c64208ce9038c4e85835b6bbe3173f"
        },
        {
          "type": "image",
          "assetId": "0wQMHAQds7w1",
          "checksum": "ceac671100cf26058dd638f58bbe203b"
        },
        {
          "type": "image",
          "assetId": "XlGRhRAlnvUZ",
          "checksum": "1b97b53f5ec081ed240242daf86652e5"
        },
        {
          "type": "image",
          "assetId": "CsGXCttJ43_U",
          "checksum": "2205161dbea3a7d697c9c22a4e83f46c"
        },
        {
          "type": "image",
          "assetId": "5LYGDQnOf3LI",
          "checksum": "0a5d5d99683e3cafbd891ada1be94e42"
        },
        {
          "type": "image",
          "assetId": "xU8hdCqbki51",
          "checksum": "df5fcb595a543e04b0e4317590b99de1"
        },
        {
          "type": "image",
          "assetId": "nk-jZcNe81Yt",
          "checksum": "3972717343cfb64f97026f54c6288a35"
        },
        {
          "type": "image",
          "assetId": "sC2vkX55vpK7",
          "checksum": "6e183f7295a9e14e93c64f1fc2e9158f"
        },
        {
          "type": "image",
          "assetId": "ayatC5ZXuXMj",
          "checksum": "78e485b3b64f68001455e47baed5121f"
        },
        {
          "type": "image",
          "assetId": "lNjuWijo5h-o",
          "checksum": "ddd5b44ca39c60b45af7bde7e7e9d971"
        },
        {
          "type": "image",
          "assetId": "6k4ZVk4Z0w2v",
          "checksum": "d1dd8a022ff4735b549ed84182eabe66"
        },
        {
          "type": "image",
          "assetId": "rs1ZcIo1jP8b",
          "checksum": "d952f207ca0ec7ae465eb2e94b8a373d"
        },
        {
          "type": "image",
          "assetId": "-8AoL04mqRLE",
          "checksum": "183f43b6c44e6774e1f9603c084639d2"
        },
        {
          "type": "image",
          "assetId": "bf1y67o0xvlA",
          "checksum": "e9d8f2c5d7c23ed4a3e3fef8da2ab8bf"
        },
        {
          "type": "image",
          "assetId": "44apb-AZVBFv",
          "checksum": "d470c88a110cb789e5c4655af7dad427"
        },
        {
          "type": "image",
          "assetId": "oROhLgSATZ6z",
          "checksum": "0424423b97a78a2d6122a6418ac57c05"
        },
        {
          "type": "image",
          "assetId": "6JrIX63AuOso",
          "checksum": "3ad1461de0e89acd91da28498934823a"
        },
        {
          "type": "image",
          "assetId": "DKygQLV8fDkl",
          "checksum": "18f9c8dfb422a3813304fc87c41bad47"
        },
        {
          "type": "image",
          "assetId": "b3yAwr-UTGMB",
          "checksum": "142414d8c29e8f48a16a3ecd0fb2a9df"
        },
        {
          "type": "image",
          "assetId": "ov0sZta9O7Rb",
          "checksum": "50a1ee815cfb54808c1c516adedc2252"
        },
        {
          "type": "image",
          "assetId": "ESJlgzvXjd2z",
          "checksum": "20d85c073810fe4b1d7f3f7a63091f1c"
        },
        {
          "type": "image",
          "assetId": "_e1JpZ4N1SZa",
          "checksum": "681751fd9eb8f0caf0b1063a4974eb68"
        },
        {
          "type": "image",
          "assetId": "4H8NXQ9CPvQX",
          "checksum": "b2cd5f7bec7698cc636dc928d2d0b29b"
        },
        {
          "type": "image",
          "assetId": "VLplp7Okn8ub",
          "checksum": "e6e6eafc2db6668571b604ef56dc6619"
        }
      ],
      "codegenVersion": "0.0.1"
    }
  ],
  "cliVersion": "0.1.327"
}
